
Microsoft Visual Studio Solution File, Format Version 12.00
# Visual Studio Version 16
VisualStudioVersion = 16.0.32930.78
MinimumVisualStudioVersion = 10.0.40219.1
Project("{FAE04EC0-301F-11D3-BF4B-00C04F79EFBC}") = "singly_linked_list", "singly_linked_list\singly_linked_list.csproj", "{7E4F7CFD-70F9-4F86-8D37-7C727380FA80}"
EndProject
Global
	GlobalSection(SolutionConfigurationPlatforms) = preSolution
		Debug|Any CPU = Debug|Any CPU
		Release|Any CPU = Release|Any CPU
	EndGlobalSection
	GlobalSection(ProjectConfigurationPlatforms) = postSolution
		{7E4F7CFD-70F9-4F86-8D37-7C727380FA80}.Debug|Any CPU.ActiveCfg = Debug|Any CPU
		{7E4F7CFD-70F9-4F86-8D37-7C727380FA80}.Debug|Any CPU.Build.0 = Debug|Any CPU
		{7E4F7CFD-70F9-4F86-8D37-7C727380FA80}.Release|Any CPU.ActiveCfg = Release|Any CPU
		{7E4F7CFD-70F9-4F86-8D37-7C727380FA80}.Release|Any CPU.Build.0 = Release|Any CPU
	EndGlobalSection
	GlobalSection(SolutionProperties) = preSolution
		HideSolutionNode = FALSE
	EndGlobalSection
	GlobalSection(ExtensibilityGlobals) = postSolution
		SolutionGuid = {55BC98EA-D612-493C-B154-9A544EF190B7}
	EndGlobalSection
EndGlobal
